
Microsoft Visual Studio Solution File, Format Version 12.00
# Visual Studio 15
VisualStudioVersion = 15.0.28307.645
MinimumVisualStudioVersion = 10.0.40219.1
Project("{FAE04EC0-301F-11D3-BF4B-00C04F79EFBC}") = "App01_ConsultarCEP.Android", "App01_ConsultarCEP\App01_ConsultarCEP.Android\App01_ConsultarCEP.Android.csproj", "{21507996-F43C-4335-946B-FB8537E963F0}"
EndProject
Project("{FAE04EC0-301F-11D3-BF4B-00C04F79EFBC}") = "App01_ConsultarCEP.iOS", "App01_ConsultarCEP\App01_ConsultarCEP.iOS\App01_ConsultarCEP.iOS.csproj", "{0201C4EB-796C-43D9-B7E7-052B4721C7BD}"
EndProject
Project("{9A19103F-16F7-4668-BE54-9A1E7A4F7556}") = "App01_ConsultarCEP", "App01_ConsultarCEP\App01_ConsultarCEP\App01_ConsultarCEP.csproj", "{22F5C7BA-A451-4627-AD3C-57436492F717}"
EndProject
Global
	GlobalSection(SolutionConfigurationPlatforms) = preSolution
		Ad-Hoc|Any CPU = Ad-Hoc|Any CPU
		Ad-Hoc|iPhone = Ad-Hoc|iPhone
		Ad-Hoc|iPhoneSimulator = Ad-Hoc|iPhoneSimulator
		AppStore|Any CPU = AppStore|Any CPU
		AppStore|iPhone = AppStore|iPhone
		AppStore|iPhoneSimulator = AppStore|iPhoneSimulator
		Debug|Any CPU = Debug|Any CPU
		Debug|iPhone = Debug|iPhone
		Debug|iPhoneSimulator = Debug|iPhoneSimulator
		Release|Any CPU = Release|Any CPU
		Release|iPhone = Release|iPhone
		Release|iPhoneSimulator = Release|iPhoneSimulator
	EndGlobalSection
	GlobalSection(ProjectConfigurationPlatforms) = postSolution
		{21507996-F43C-4335-946B-FB8537E963F0}.Ad-Hoc|Any CPU.ActiveCfg = Release|Any CPU
		{21507996-F43C-4335-946B-FB8537E963F0}.Ad-Hoc|Any CPU.Build.0 = Release|Any CPU
		{21507996-F43C-4335-946B-FB8537E963F0}.Ad-Hoc|Any CPU.Deploy.0 = Release|Any CPU
		{21507996-F43C-4335-946B-FB8537E963F0}.Ad-Hoc|iPhone.ActiveCfg = Release|Any CPU
		{21507996-F43C-4335-946B-FB8537E963F0}.Ad-Hoc|iPhone.Build.0 = Release|Any CPU
		{21507996-F43C-4335-946B-FB8537E963F0}.Ad-Hoc|iPhone.Deploy.0 = Release|Any CPU
		{21507996-F43C-4335-946B-FB8537E963F0}.Ad-Hoc|iPhoneSimulator.ActiveCfg = Release|Any CPU
		{21507996-F43C-4335-946B-FB8537E963F0}.Ad-Hoc|iPhoneSimulator.Build.0 = Release|Any CPU
		{21507996-F43C-4335-946B-FB8537E963F0}.Ad-Hoc|iPhoneSimulator.Deploy.0 = Release|Any CPU
		{21507996-F43C-4335-946B-FB8537E963F0}.AppStore|Any CPU.ActiveCfg = Release|Any CPU
		{21507996-F43C-4335-946B-FB8537E963F0}.AppStore|Any CPU.Build.0 = Release|Any CPU
		{21507996-F43C-4335-946B-FB8537E963F0}.AppStore|Any CPU.Deploy.0 = Release|Any CPU
		{21507996-F43C-4335-946B-FB8537E963F0}.AppStore|iPhone.ActiveCfg = Release|Any CPU
		{21507996-F43C-4335-946B-FB8537E963F0}.AppStore|iPhone.Build.0 = Release|Any CPU
		{21507996-F43C-4335-946B-FB8537E963F0}.AppStore|iPhone.Deploy.0 = Release|Any CPU
		{21507996-F43C-4335-946B-FB8537E963F0}.AppStore|iPhoneSimulator.ActiveCfg = Release|Any CPU
		{21507996-F43C-4335-946B-FB8537E963F0}.AppStore|iPhoneSimulator.Build.0 = Release|Any CPU
		{21507996-F43C-4335-946B-FB8537E963F0}.AppStore|iPhoneSimulator.Deploy.0 = Release|Any CPU
		{21507996-F43C-4335-946B-FB8537E963F0}.Debug|Any CPU.ActiveCfg = Debug|Any CPU
		{21507996-F43C-4335-946B-FB8537E963F0}.Debug|Any CPU.Build.0 = Debug|Any CPU
		{21507996-F43C-4335-946B-FB8537E963F0}.Debug|Any CPU.Deploy.0 = Debug|Any CPU
		{21507996-F43C-4335-946B-FB8537E963F0}.Debug|iPhone.ActiveCfg = Debug|Any CPU
		{21507996-F43C-4335-946B-FB8537E963F0}.Debug|iPhone.Build.0 = Debug|Any CPU
		{21507996-F43C-4335-946B-FB8537E963F0}.Debug|iPhone.Deploy.0 = Debug|Any CPU
		{21507996-F43C-4335-946B-FB8537E963F0}.Debug|iPhoneSimulator.ActiveCfg = Debug|Any CPU
		{21507996-F43C-4335-946B-FB8537E963F0}.Debug|iPhoneSimulator.Build.0 = Debug|Any CPU
		{21507996-F43C-4335-946B-FB8537E963F0}.Debug|iPhoneSimulator.Deploy.0 = Debug|Any CPU
		{21507996-F43C-4335-946B-FB8537E963F0}.Release|Any CPU.ActiveCfg = Release|Any CPU
		{21507996-F43C-4335-946B-FB8537E963F0}.Release|Any CPU.Build.0 = Release|Any CPU
		{21507996-F43C-4335-946B-FB8537E963F0}.Release|Any CPU.Deploy.0 = Release|Any CPU
		{21507996-F43C-4335-946B-FB8537E963F0}.Release|iPhone.ActiveCfg = Release|Any CPU
		{21507996-F43C-4335-946B-FB8537E963F0}.Release|iPhone.Build.0 = Release|Any CPU
		{21507996-F43C-4335-946B-FB8537E963F0}.Release|iPhone.Deploy.0 = Release|Any CPU
		{21507996-F43C-4335-946B-FB8537E963F0}.Release|iPhoneSimulator.ActiveCfg = Release|Any CPU
		{21507996-F43C-4335-946B-FB8537E963F0}.Release|iPhoneSimulator.Build.0 = Release|Any CPU
		{21507996-F43C-4335-946B-FB8537E963F0}.Release|iPhoneSimulator.Deploy.0 = Release|Any CPU
		{0201C4EB-796C-43D9-B7E7-052B4721C7BD}.Ad-Hoc|Any CPU.ActiveCfg = Ad-Hoc|iPhone
		{0201C4EB-796C-43D9-B7E7-052B4721C7BD}.Ad-Hoc|Any CPU.Build.0 = Ad-Hoc|iPhone
		{0201C4EB-796C-43D9-B7E7-052B4721C7BD}.Ad-Hoc|Any CPU.Deploy.0 = Ad-Hoc|iPhone
		{0201C4EB-796C-43D9-B7E7-052B4721C7BD}.Ad-Hoc|iPhone.ActiveCfg = Ad-Hoc|iPhone
		{0201C4EB-796C-43D9-B7E7-052B4721C7BD}.Ad-Hoc|iPhone.Build.0 = Ad-Hoc|iPhone
		{0201C4EB-796C-43D9-B7E7-052B4721C7BD}.Ad-Hoc|iPhone.Deploy.0 = Ad-Hoc|iPhone
		{0201C4EB-796C-43D9-B7E7-052B4721C7BD}.Ad-Hoc|iPhoneSimulator.ActiveCfg = Ad-Hoc|iPhoneSimulator
		{0201C4EB-796C-43D9-B7E7-052B4721C7BD}.Ad-Hoc|iPhoneSimulator.Build.0 = Ad-Hoc|iPhoneSimulator
		{0201C4EB-796C-43D9-B7E7-052B4721C7BD}.Ad-Hoc|iPhoneSimulator.Deploy.0 = Ad-Hoc|iPhoneSimulator
		{0201C4EB-796C-43D9-B7E7-052B4721C7BD}.AppStore|Any CPU.ActiveCfg = AppStore|iPhone
		{0201C4EB-796C-43D9-B7E7-052B4721C7BD}.AppStore|Any CPU.Build.0 = AppStore|iPhone
		{0201C4EB-796C-43D9-B7E7-052B4721C7BD}.AppStore|Any CPU.Deploy.0 = AppStore|iPhone
		{0201C4EB-796C-43D9-B7E7-052B4721C7BD}.AppStore|iPhone.ActiveCfg = AppStore|iPhone
		{0201C4EB-796C-43D9-B7E7-052B4721C7BD}.AppStore|iPhone.Build.0 = AppStore|iPhone
		{0201C4EB-796C-43D9-B7E7-052B4721C7BD}.AppStore|iPhone.Deploy.0 = AppStore|iPhone
		{0201C4EB-796C-43D9-B7E7-052B4721C7BD}.AppStore|iPhoneSimulator.ActiveCfg = AppStore|iPhoneSimulator
		{0201C4EB-796C-43D9-B7E7-052B4721C7BD}.AppStore|iPhoneSimulator.Build.0 = AppStore|iPhoneSimulator
		{0201C4EB-796C-43D9-B7E7-052B4721C7BD}.AppStore|iPhoneSimulator.Deploy.0 = AppStore|iPhoneSimulator
		{0201C4EB-796C-43D9-B7E7-052B4721C7BD}.Debug|Any CPU.ActiveCfg = Debug|iPhoneSimulator
		{0201C4EB-796C-43D9-B7E7-052B4721C7BD}.Debug|Any CPU.Build.0 = Debug|iPhoneSimulator
		{0201C4EB-796C-43D9-B7E7-052B4721C7BD}.Debug|Any CPU.Deploy.0 = Debug|iPhoneSimulator
		{0201C4EB-796C-43D9-B7E7-052B4721C7BD}.Debug|iPhone.ActiveCfg = Debug|iPhone
		{0201C4EB-796C-43D9-B7E7-052B4721C7BD}.Debug|iPhone.Build.0 = Debug|iPhone
		{0201C4EB-796C-43D9-B7E7-052B4721C7BD}.Debug|iPhone.Deploy.0 = Debug|iPhone
		{0201C4EB-796C-43D9-B7E7-052B4721C7BD}.Debug|iPhoneSimulator.ActiveCfg = Debug|iPhoneSimulator
		{0201C4EB-796C-43D9-B7E7-052B4721C7BD}.Debug|iPhoneSimulator.Build.0 = Debug|iPhoneSimulator
		{0201C4EB-796C-43D9-B7E7-052B4721C7BD}.Debug|iPhoneSimulator.Deploy.0 = Debug|iPhoneSimulator
		{0201C4EB-796C-43D9-B7E7-052B4721C7BD}.Release|Any CPU.ActiveCfg = Release|iPhone
		{0201C4EB-796C-43D9-B7E7-052B4721C7BD}.Release|Any CPU.Build.0 = Release|iPhone
		{0201C4EB-796C-43D9-B7E7-052B4721C7BD}.Release|Any CPU.Deploy.0 = Release|iPhone
		{0201C4EB-796C-43D9-B7E7-052B4721C7BD}.Release|iPhone.ActiveCfg = Release|iPhone
		{0201C4EB-796C-43D9-B7E7-052B4721C7BD}.Release|iPhone.Build.0 = Release|iPhone
		{0201C4EB-796C-43D9-B7E7-052B4721C7BD}.Release|iPhone.Deploy.0 = Release|iPhone
		{0201C4EB-796C-43D9-B7E7-052B4721C7BD}.Release|iPhoneSimulator.ActiveCfg = Release|iPhoneSimulator
		{0201C4EB-796C-43D9-B7E7-052B4721C7BD}.Release|iPhoneSimulator.Build.0 = Release|iPhoneSimulator
		{0201C4EB-796C-43D9-B7E7-052B4721C7BD}.Release|iPhoneSimulator.Deploy.0 = Release|iPhoneSimulator
		{22F5C7BA-A451-4627-AD3C-57436492F717}.Ad-Hoc|Any CPU.ActiveCfg = Debug|Any CPU
		{22F5C7BA-A451-4627-AD3C-57436492F717}.Ad-Hoc|Any CPU.Build.0 = Debug|Any CPU
		{22F5C7BA-A451-4627-AD3C-57436492F717}.Ad-Hoc|Any CPU.Deploy.0 = Debug|Any CPU
		{22F5C7BA-A451-4627-AD3C-57436492F717}.Ad-Hoc|iPhone.ActiveCfg = Debug|Any CPU
		{22F5C7BA-A451-4627-AD3C-57436492F717}.Ad-Hoc|iPhone.Build.0 = Debug|Any CPU
		{22F5C7BA-A451-4627-AD3C-57436492F717}.Ad-Hoc|iPhone.Deploy.0 = Debug|Any CPU
		{22F5C7BA-A451-4627-AD3C-57436492F717}.Ad-Hoc|iPhoneSimulator.ActiveCfg = Debug|Any CPU
		{22F5C7BA-A451-4627-AD3C-57436492F717}.Ad-Hoc|iPhoneSimulator.Build.0 = Debug|Any CPU
		{22F5C7BA-A451-4627-AD3C-57436492F717}.Ad-Hoc|iPhoneSimulator.Deploy.0 = Debug|Any CPU
		{22F5C7BA-A451-4627-AD3C-57436492F717}.AppStore|Any CPU.ActiveCfg = Debug|Any CPU
		{22F5C7BA-A451-4627-AD3C-57436492F717}.AppStore|Any CPU.Build.0 = Debug|Any CPU
		{22F5C7BA-A451-4627-AD3C-57436492F717}.AppStore|Any CPU.Deploy.0 = Debug|Any CPU
		{22F5C7BA-A451-4627-AD3C-57436492F717}.AppStore|iPhone.ActiveCfg = Debug|Any CPU
		{22F5C7BA-A451-4627-AD3C-57436492F717}.AppStore|iPhone.Build.0 = Debug|Any CPU
		{22F5C7BA-A451-4627-AD3C-57436492F717}.AppStore|iPhone.Deploy.0 = Debug|Any CPU
		{22F5C7BA-A451-4627-AD3C-57436492F717}.AppStore|iPhoneSimulator.ActiveCfg = Debug|Any CPU
		{22F5C7BA-A451-4627-AD3C-57436492F717}.AppStore|iPhoneSimulator.Build.0 = Debug|Any CPU
		{22F5C7BA-A451-4627-AD3C-57436492F717}.AppStore|iPhoneSimulator.Deploy.0 = Debug|Any CPU
		{22F5C7BA-A451-4627-AD3C-57436492F717}.Debug|Any CPU.ActiveCfg = Debug|Any CPU
		{22F5C7BA-A451-4627-AD3C-57436492F717}.Debug|Any CPU.Build.0 = Debug|Any CPU
		{22F5C7BA-A451-4627-AD3C-57436492F717}.Debug|Any CPU.Deploy.0 = Debug|Any CPU
		{22F5C7BA-A451-4627-AD3C-57436492F717}.Debug|iPhone.ActiveCfg = Debug|Any CPU
		{22F5C7BA-A451-4627-AD3C-57436492F717}.Debug|iPhone.Build.0 = Debug|Any CPU
		{22F5C7BA-A451-4627-AD3C-57436492F717}.Debug|iPhone.Deploy.0 = Debug|Any CPU
		{22F5C7BA-A451-4627-AD3C-57436492F717}.Debug|iPhoneSimulator.ActiveCfg = Debug|Any CPU
		{22F5C7BA-A451-4627-AD3C-57436492F717}.Debug|iPhoneSimulator.Build.0 = Debug|Any CPU
		{22F5C7BA-A451-4627-AD3C-57436492F717}.Debug|iPhoneSimulator.Deploy.0 = Debug|Any CPU
		{22F5C7BA-A451-4627-AD3C-57436492F717}.Release|Any CPU.ActiveCfg = Release|Any CPU
		{22F5C7BA-A451-4627-AD3C-57436492F717}.Release|Any CPU.Build.0 = Release|Any CPU
		{22F5C7BA-A451-4627-AD3C-57436492F717}.Release|Any CPU.Deploy.0 = Release|Any CPU
		{22F5C7BA-A451-4627-AD3C-57436492F717}.Release|iPhone.ActiveCfg = Release|Any CPU
		{22F5C7BA-A451-4627-AD3C-57436492F717}.Release|iPhone.Build.0 = Release|Any CPU
		{22F5C7BA-A451-4627-AD3C-57436492F717}.Release|iPhone.Deploy.0 = Release|Any CPU
		{22F5C7BA-A451-4627-AD3C-57436492F717}.Release|iPhoneSimulator.ActiveCfg = Release|Any CPU
		{22F5C7BA-A451-4627-AD3C-57436492F717}.Release|iPhoneSimulator.Build.0 = Release|Any CPU
		{22F5C7BA-A451-4627-AD3C-57436492F717}.Release|iPhoneSimulator.Deploy.0 = Release|Any CPU
	EndGlobalSection
	GlobalSection(SolutionProperties) = preSolution
		HideSolutionNode = FALSE
	EndGlobalSection
	GlobalSection(ExtensibilityGlobals) = postSolution
		SolutionGuid = {A984FBB3-30A9-4D4D-AD0E-35D589F0ECD0}
	EndGlobalSection
EndGlobal
